// !$*UTF8*$!
{
	archiveVersion = 1;
	classes = {
	};
	objectVersion = 50;
	objects = {

/* Begin PBXBuildFile section */
		570639682347A655007D1B60 /* AppDelegate.m in Sources */ = {isa = PBXBuildFile; fileRef = 570639672347A655007D1B60 /* AppDelegate.m */; };
		5706396B2347A655007D1B60 /* MainViewController.m in Sources */ = {isa = PBXBuildFile; fileRef = 5706396A2347A655007D1B60 /* MainViewController.m */; };
		570639702347A656007D1B60 /* Assets.xcassets in Resources */ = {isa = PBXBuildFile; fileRef = 5706396F2347A656007D1B60 /* Assets.xcassets */; };
		570639732347A656007D1B60 /* LaunchScreen.storyboard in Resources */ = {isa = PBXBuildFile; fileRef = 570639712347A656007D1B60 /* LaunchScreen.storyboard */; };
		570639762347A656007D1B60 /* main.m in Sources */ = {isa = PBXBuildFile; fileRef = 570639752347A656007D1B60 /* main.m */; };
		570639842347A902007D1B60 /* Network.m in Sources */ = {isa = PBXBuildFile; fileRef = 570639832347A902007D1B60 /* Network.m */; };
		5706398B2347BFD2007D1B60 /* MDImage.m in Sources */ = {isa = PBXBuildFile; fileRef = 5706398A2347BFD2007D1B60 /* MDImage.m */; };
		571BEDDD234895ED008051CA /* ImageDataStorage.m in Sources */ = {isa = PBXBuildFile; fileRef = 571BEDDC234895ED008051CA /* ImageDataStorage.m */; };
/* End PBXBuildFile section */

/* Begin PBXFileReference section */
		570639632347A655007D1B60 /* DromTest.app */ = {isa = PBXFileReference; explicitFileType = wrapper.application; includeInIndex = 0; path = DromTest.app; sourceTree = BUILT_PRODUCTS_DIR; };
		570639662347A655007D1B60 /* AppDelegate.h */ = {isa = PBXFileReference; lastKnownFileType = sourcecode.c.h; path = AppDelegate.h; sourceTree = "<group>"; };
		570639672347A655007D1B60 /* AppDelegate.m */ = {isa = PBXFileReference; lastKnownFileType = sourcecode.c.objc; path = AppDelegate.m; sourceTree = "<group>"; };
		570639692347A655007D1B60 /* MainViewController.h */ = {isa = PBXFileReference; lastKnownFileType = sourcecode.c.h; path = MainViewController.h; sourceTree = "<group>"; };
		5706396A2347A655007D1B60 /* MainViewController.m */ = {isa = PBXFileReference; lastKnownFileType = sourcecode.c.objc; path = MainViewController.m; sourceTree = "<group>"; };
		5706396F2347A656007D1B60 /* Assets.xcassets */ = {isa = PBXFileReference; lastKnownFileType = folder.assetcatalog; path = Assets.xcassets; sourceTree = "<group>"; };
		570639722347A656007D1B60 /* Base */ = {isa = PBXFileReference; lastKnownFileType = file.storyboard; name = Base; path = Base.lproj/LaunchScreen.storyboard; sourceTree = "<group>"; };
		570639742347A656007D1B60 /* Info.plist */ = {isa = PBXFileReference; lastKnownFileType = text.plist.xml; path = Info.plist; sourceTree = "<group>"; };
		570639752347A656007D1B60 /* main.m */ = {isa = PBXFileReference; lastKnownFileType = sourcecode.c.objc; path = main.m; sourceTree = "<group>"; };
		570639832347A902007D1B60 /* Network.m */ = {isa = PBXFileReference; lastKnownFileType = sourcecode.c.objc; path = Network.m; sourceTree = "<group>"; };
		570639862347A926007D1B60 /* Network.h */ = {isa = PBXFileReference; lastKnownFileType = sourcecode.c.h; path = Network.h; sourceTree = "<group>"; };
		570639892347BFB2007D1B60 /* MDImage.h */ = {isa = PBXFileReference; lastKnownFileType = sourcecode.c.h; path = MDImage.h; sourceTree = "<group>"; };
		5706398A2347BFD2007D1B60 /* MDImage.m */ = {isa = PBXFileReference; lastKnownFileType = sourcecode.c.objc; path = MDImage.m; sourceTree = "<group>"; };
		571BEDDB234895DF008051CA /* ImageDataStorage.h */ = {isa = PBXFileReference; lastKnownFileType = sourcecode.c.h; path = ImageDataStorage.h; sourceTree = "<group>"; };
		571BEDDC234895ED008051CA /* ImageDataStorage.m */ = {isa = PBXFileReference; lastKnownFileType = sourcecode.c.objc; path = ImageDataStorage.m; sourceTree = "<group>"; };
/* End PBXFileReference section */

/* Begin PBXFrameworksBuildPhase section */
		570639602347A655007D1B60 /* Frameworks */ = {
			isa = PBXFrameworksBuildPhase;
			buildActionMask = 2147483647;
			files = (
			);
			runOnlyForDeploymentPostprocessing = 0;
		};
/* End PBXFrameworksBuildPhase section */

/* Begin PBXGroup section */
		5706395A2347A655007D1B60 = {
			isa = PBXGroup;
			children = (
				570639652347A655007D1B60 /* DromTest */,
				570639642347A655007D1B60 /* Products */,
			);
			sourceTree = "<group>";
		};
		570639642347A655007D1B60 /* Products */ = {
			isa = PBXGroup;
			children = (
				570639632347A655007D1B60 /* DromTest.app */,
			);
			name = Products;
			sourceTree = "<group>";
		};
		570639652347A655007D1B60 /* DromTest */ = {
			isa = PBXGroup;
			children = (
				570639882347BF73007D1B60 /* Model */,
				570639802347A8AC007D1B60 /* Service */,
				5706397F2347A7AF007D1B60 /* Controllers */,
				5706397C2347A6F8007D1B60 /* Base */,
			);
			path = DromTest;
			sourceTree = "<group>";
		};
		5706397C2347A6F8007D1B60 /* Base */ = {
			isa = PBXGroup;
			children = (
				5706397E2347A72A007D1B60 /* Resources */,
				5706397D2347A70F007D1B60 /* AppDelegate */,
				570639752347A656007D1B60 /* main.m */,
				570639742347A656007D1B60 /* Info.plist */,
				570639712347A656007D1B60 /* LaunchScreen.storyboard */,
			);
			path = Base;
			sourceTree = "<group>";
		};
		5706397D2347A70F007D1B60 /* AppDelegate */ = {
			isa = PBXGroup;
			children = (
				570639662347A655007D1B60 /* AppDelegate.h */,
				570639672347A655007D1B60 /* AppDelegate.m */,
			);
			path = AppDelegate;
			sourceTree = "<group>";
		};
		5706397E2347A72A007D1B60 /* Resources */ = {
			isa = PBXGroup;
			children = (
				5706396F2347A656007D1B60 /* Assets.xcassets */,
			);
			path = Resources;
			sourceTree = "<group>";
		};
		5706397F2347A7AF007D1B60 /* Controllers */ = {
			isa = PBXGroup;
			children = (
				570639692347A655007D1B60 /* MainViewController.h */,
				5706396A2347A655007D1B60 /* MainViewController.m */,
			);
			path = Controllers;
			sourceTree = "<group>";
		};
		570639802347A8AC007D1B60 /* Service */ = {
			isa = PBXGroup;
			children = (
				571BEDD6234882B5008051CA /* DataStorage */,
				570639852347A912007D1B60 /* Network */,
			);
			path = Service;
			sourceTree = "<group>";
		};
		570639852347A912007D1B60 /* Network */ = {
			isa = PBXGroup;
			children = (
				570639832347A902007D1B60 /* Network.m */,
				570639862347A926007D1B60 /* Network.h */,
			);
			path = Network;
			sourceTree = "<group>";
		};
		570639882347BF73007D1B60 /* Model */ = {
			isa = PBXGroup;
			children = (
				570639892347BFB2007D1B60 /* MDImage.h */,
				5706398A2347BFD2007D1B60 /* MDImage.m */,
			);
			path = Model;
			sourceTree = "<group>";
		};
		571BEDD6234882B5008051CA /* DataStorage */ = {
			isa = PBXGroup;
			children = (
				571BEDD7234882C4008051CA /* ImageDataStorage */,
			);
			path = DataStorage;
			sourceTree = "<group>";
		};
		571BEDD7234882C4008051CA /* ImageDataStorage */ = {
			isa = PBXGroup;
			children = (
				571BEDDB234895DF008051CA /* ImageDataStorage.h */,
				571BEDDC234895ED008051CA /* ImageDataStorage.m */,
			);
			path = ImageDataStorage;
			sourceTree = "<group>";
		};
/* End PBXGroup section */

/* Begin PBXNativeTarget section */
		570639622347A655007D1B60 /* DromTest */ = {
			isa = PBXNativeTarget;
			buildConfigurationList = 570639792347A656007D1B60 /* Build configuration list for PBXNativeTarget "DromTest" */;
			buildPhases = (
				5706395F2347A655007D1B60 /* Sources */,
				570639602347A655007D1B60 /* Frameworks */,
				570639612347A655007D1B60 /* Resources */,
			);
			buildRules = (
			);
			dependencies = (
			);
			name = DromTest;
			productName = DromTest;
			productReference = 570639632347A655007D1B60 /* DromTest.app */;
			productType = "com.apple.product-type.application";
		};
/* End PBXNativeTarget section */

/* Begin PBXProject section */
		5706395B2347A655007D1B60 /* Project object */ = {
			isa = PBXProject;
			attributes = {
				LastUpgradeCheck = 1020;
				ORGANIZATIONNAME = Victor;
				TargetAttributes = {
					570639622347A655007D1B60 = {
						CreatedOnToolsVersion = 10.2.1;
						LastSwiftMigration = 1020;
					};
				};
			};
			buildConfigurationList = 5706395E2347A655007D1B60 /* Build configuration list for PBXProject "DromTest" */;
			compatibilityVersion = "Xcode 9.3";
			developmentRegion = en;
			hasScannedForEncodings = 0;
			knownRegions = (
				en,
				Base,
			);
			mainGroup = 5706395A2347A655007D1B60;
			productRefGroup = 570639642347A655007D1B60 /* Products */;
			projectDirPath = "";
			projectRoot = "";
			targets = (
				570639622347A655007D1B60 /* DromTest */,
			);
		};
/* End PBXProject section */

/* Begin PBXResourcesBuildPhase section */
		570639612347A655007D1B60 /* Resources */ = {
			isa = PBXResourcesBuildPhase;
			buildActionMask = 2147483647;
			files = (
				570639732347A656007D1B60 /* LaunchScreen.storyboard in Resources */,
				570639702347A656007D1B60 /* Assets.xcassets in Resources */,
			);
			runOnlyForDeploymentPostprocessing = 0;
		};
/* End PBXResourcesBuildPhase section */

/* Begin PBXSourcesBuildPhase section */
		5706395F2347A655007D1B60 /* Sources */ = {
			isa = PBXSourcesBuildPhase;
			buildActionMask = 2147483647;
			files = (
				5706396B2347A655007D1B60 /* MainViewController.m in Sources */,
				570639762347A656007D1B60 /* main.m in Sources */,
				570639842347A902007D1B60 /* Network.m in Sources */,
				571BEDDD234895ED008051CA /* ImageDataStorage.m in Sources */,
				5706398B2347BFD2007D1B60 /* MDImage.m in Sources */,
				570639682347A655007D1B60 /* AppDelegate.m in Sources */,
			);
			runOnlyForDeploymentPostprocessing = 0;
		};
/* End PBXSourcesBuildPhase section */

/* Begin PBXVariantGroup section */
		570639712347A656007D1B60 /* LaunchScreen.storyboard */ = {
			isa = PBXVariantGroup;
			children = (
				570639722347A656007D1B60 /* Base */,
			);
			name = LaunchScreen.storyboard;
			sourceTree = "<group>";
		};
/* End PBXVariantGroup section */

/* Begin XCBuildConfiguration section */
		570639772347A656007D1B60 /* Debug */ = {
			isa = XCBuildConfiguration;
			buildSettings = {
				ALWAYS_SEARCH_USER_PATHS = NO;
				CLANG_ANALYZER_NONNULL = YES;
				CLANG_ANALYZER_NUMBER_OBJECT_CONVERSION = YES_AGGRESSIVE;
				CLANG_CXX_LANGUAGE_STANDARD = "gnu++14";
				CLANG_CXX_LIBRARY = "libc++";
				CLANG_ENABLE_MODULES = YES;
				CLANG_ENABLE_OBJC_ARC = YES;
				CLANG_ENABLE_OBJC_WEAK = YES;
				CLANG_WARN_BLOCK_CAPTURE_AUTORELEASING = YES;
				CLANG_WARN_BOOL_CONVERSION = YES;
				CLANG_WARN_COMMA = YES;
				CLANG_WARN_CONSTANT_CONVERSION = YES;
				CLANG_WARN_DEPRECATED_OBJC_IMPLEMENTATIONS = YES;
				CLANG_WARN_DIRECT_OBJC_ISA_USAGE = YES_ERROR;
				CLANG_WARN_DOCUMENTATION_COMMENTS = YES;
				CLANG_WARN_EMPTY_BODY = YES;
				CLANG_WARN_ENUM_CONVERSION = YES;
				CLANG_WARN_INFINITE_RECURSION = YES;
				CLANG_WARN_INT_CONVERSION = YES;
				CLANG_WARN_NON_LITERAL_NULL_CONVERSION = YES;
				CLANG_WARN_OBJC_IMPLICIT_RETAIN_SELF = YES;
				CLANG_WARN_OBJC_LITERAL_CONVERSION = YES;
				CLANG_WARN_OBJC_ROOT_CLASS = YES_ERROR;
				CLANG_WARN_RANGE_LOOP_ANALYSIS = YES;
				CLANG_WARN_STRICT_PROTOTYPES = YES;
				CLANG_WARN_SUSPICIOUS_MOVE = YES;
				CLANG_WARN_UNGUARDED_AVAILABILITY = YES_AGGRESSIVE;
				CLANG_WARN_UNREACHABLE_CODE = YES;
				CLANG_WARN__DUPLICATE_METHOD_MATCH = YES;
				CODE_SIGN_IDENTITY = "iPhone Developer";
				COPY_PHASE_STRIP = NO;
				DEBUG_INFORMATION_FORMAT = dwarf;
				ENABLE_STRICT_OBJC_MSGSEND = YES;
				ENABLE_TESTABILITY = YES;
				GCC_C_LANGUAGE_STANDARD = gnu11;
				GCC_DYNAMIC_NO_PIC = NO;
				GCC_NO_COMMON_BLOCKS = YES;
				GCC_OPTIMIZATION_LEVEL = 0;
				GCC_PREPROCESSOR_DEFINITIONS = (
					"DEBUG=1",
					"$(inherited)",
				);
				GCC_WARN_64_TO_32_BIT_CONVERSION = YES;
				GCC_WARN_ABOUT_RETURN_TYPE = YES_ERROR;
				GCC_WARN_UNDECLARED_SELECTOR = YES;
				GCC_WARN_UNINITIALIZED_AUTOS = YES_AGGRESSIVE;
				GCC_WARN_UNUSED_FUNCTION = YES;
				GCC_WARN_UNUSED_VARIABLE = YES;
				IPHONEOS_DEPLOYMENT_TARGET = 12.2;
				MTL_ENABLE_DEBUG_INFO = INCLUDE_SOURCE;
				MTL_FAST_MATH = YES;
				ONLY_ACTIVE_ARCH = YES;
				SDKROOT = iphoneos;
			};
			name = Debug;
		};
		570639782347A656007D1B60 /* Release */ = {
			isa = XCBuildConfiguration;
			buildSettings = {
				ALWAYS_SEARCH_USER_PATHS = NO;
				CLANG_ANALYZER_NONNULL = YES;
				CLANG_ANALYZER_NUMBER_OBJECT_CONVERSION = YES_AGGRESSIVE;
				CLANG_CXX_LANGUAGE_STANDARD = "gnu++14";
				CLANG_CXX_LIBRARY = "libc++";
				CLANG_ENABLE_MODULES = YES;
				CLANG_ENABLE_OBJC_ARC = YES;
				CLANG_ENABLE_OBJC_WEAK = YES;
				CLANG_WARN_BLOCK_CAPTURE_AUTORELEASING = YES;
				CLANG_WARN_BOOL_CONVERSION = YES;
				CLANG_WARN_COMMA = YES;
				CLANG_WARN_CONSTANT_CONVERSION = YES;
				CLANG_WARN_DEPRECATED_OBJC_IMPLEMENTATIONS = YES;
				CLANG_WARN_DIRECT_OBJC_ISA_USAGE = YES_ERROR;
				CLANG_WARN_DOCUMENTATION_COMMENTS = YES;
				CLANG_WARN_EMPTY_BODY = YES;
				CLANG_WARN_ENUM_CONVERSION = YES;
				CLANG_WARN_INFINITE_RECURSION = YES;
				CLANG_WARN_INT_CONVERSION = YES;
				CLANG_WARN_NON_LITERAL_NULL_CONVERSION = YES;
				CLANG_WARN_OBJC_IMPLICIT_RETAIN_SELF = YES;
				CLANG_WARN_OBJC_LITERAL_CONVERSION = YES;
				CLANG_WARN_OBJC_ROOT_CLASS = YES_ERROR;
				CLANG_WARN_RANGE_LOOP_ANALYSIS = YES;
				CLANG_WARN_STRICT_PROTOTYPES = YES;
				CLANG_WARN_SUSPICIOUS_MOVE = YES;
				CLANG_WARN_UNGUARDED_AVAILABILITY = YES_AGGRESSIVE;
				CLANG_WARN_UNREACHABLE_CODE = YES;
				CLANG_WARN__DUPLICATE_METHOD_MATCH = YES;
				CODE_SIGN_IDENTITY = "iPhone Developer";
				COPY_PHASE_STRIP = NO;
				DEBUG_INFORMATION_FORMAT = "dwarf-with-dsym";
				ENABLE_NS_ASSERTIONS = NO;
				ENABLE_STRICT_OBJC_MSGSEND = YES;
				GCC_C_LANGUAGE_STANDARD = gnu11;
				GCC_NO_COMMON_BLOCKS = YES;
				GCC_WARN_64_TO_32_BIT_CONVERSION = YES;
				GCC_WARN_ABOUT_RETURN_TYPE = YES_ERROR;
				GCC_WARN_UNDECLARED_SELECTOR = YES;
				GCC_WARN_UNINITIALIZED_AUTOS = YES_AGGRESSIVE;
				GCC_WARN_UNUSED_FUNCTION = YES;
				GCC_WARN_UNUSED_VARIABLE = YES;
				IPHONEOS_DEPLOYMENT_TARGET = 12.2;
				MTL_ENABLE_DEBUG_INFO = NO;
				MTL_FAST_MATH = YES;
				SDKROOT = iphoneos;
				VALIDATE_PRODUCT = YES;
			};
			name = Release;
		};
		5706397A2347A656007D1B60 /* Debug */ = {
			isa = XCBuildConfiguration;
			buildSettings = {
				ASSETCATALOG_COMPILER_APPICON_NAME = AppIcon;
				CLANG_ENABLE_MODULES = YES;
				CODE_SIGN_STYLE = Automatic;
				DEVELOPMENT_TEAM = N28UYC6RTZ;
				INFOPLIST_FILE = DromTest/Base/Info.plist;
				IPHONEOS_DEPLOYMENT_TARGET = 8.0;
				LD_RUNPATH_SEARCH_PATHS = (
					"$(inherited)",
					"@executable_path/Frameworks",
				);
				PRODUCT_BUNDLE_IDENTIFIER = vsemenov.DromTest;
				PRODUCT_NAME = "$(TARGET_NAME)";
				SWIFT_OPTIMIZATION_LEVEL = "-Onone";
				SWIFT_VERSION = 5.0;
				TARGETED_DEVICE_FAMILY = "1,2";
			};
			name = Debug;
		};
		5706397B2347A656007D1B60 /* Release */ = {
			isa = XCBuildConfiguration;
			buildSettings = {
				ASSETCATALOG_COMPILER_APPICON_NAME = AppIcon;
				CLANG_ENABLE_MODULES = YES;
				CODE_SIGN_STYLE = Automatic;
				DEVELOPMENT_TEAM = N28UYC6RTZ;
				INFOPLIST_FILE = DromTest/Base/Info.plist;
				IPHONEOS_DEPLOYMENT_TARGET = 8.0;
				LD_RUNPATH_SEARCH_PATHS = (
					"$(inherited)",
					"@executable_path/Frameworks",
				);
				PRODUCT_BUNDLE_IDENTIFIER = vsemenov.DromTest;
				PRODUCT_NAME = "$(TARGET_NAME)";
				SWIFT_VERSION = 5.0;
				TARGETED_DEVICE_FAMILY = "1,2";
			};
			name = Release;
		};
/* End XCBuildConfiguration section */

/* Begin XCConfigurationList section */
		5706395E2347A655007D1B60 /* Build configuration list for PBXProject "DromTest" */ = {
			isa = XCConfigurationList;
			buildConfigurations = (
				570639772347A656007D1B60 /* Debug */,
				570639782347A656007D1B60 /* Release */,
			);
			defaultConfigurationIsVisible = 0;
			defaultConfigurationName = Release;
		};
		570639792347A656007D1B60 /* Build configuration list for PBXNativeTarget "DromTest" */ = {
			isa = XCConfigurationList;
			buildConfigurations = (
				5706397A2347A656007D1B60 /* Debug */,
				5706397B2347A656007D1B60 /* Release */,
			);
			defaultConfigurationIsVisible = 0;
			defaultConfigurationName = Release;
		};
/* End XCConfigurationList section */
	};
	rootObject = 5706395B2347A655007D1B60 /* Project object */;
}
